// !$*UTF8*$!
{
	archiveVersion = 1;
	classes = {
	};
	objectVersion = 46;
	objects = {

/* Begin PBXBuildFile section */
		555752FD189D2D5D0079A1C0 /* Foundation.framework in Frameworks */ = {isa = PBXBuildFile; fileRef = 555752FC189D2D5D0079A1C0 /* Foundation.framework */; };
		555752FF189D2D5D0079A1C0 /* CoreGraphics.framework in Frameworks */ = {isa = PBXBuildFile; fileRef = 555752FE189D2D5D0079A1C0 /* CoreGraphics.framework */; };
		55575301189D2D5D0079A1C0 /* UIKit.framework in Frameworks */ = {isa = PBXBuildFile; fileRef = 55575300189D2D5D0079A1C0 /* UIKit.framework */; };
		55575303189D2D5D0079A1C0 /* SpriteKit.framework in Frameworks */ = {isa = PBXBuildFile; fileRef = 55575302189D2D5D0079A1C0 /* SpriteKit.framework */; };
		55575309189D2D5D0079A1C0 /* InfoPlist.strings in Resources */ = {isa = PBXBuildFile; fileRef = 55575307189D2D5D0079A1C0 /* InfoPlist.strings */; };
		5557530B189D2D5D0079A1C0 /* main.m in Sources */ = {isa = PBXBuildFile; fileRef = 5557530A189D2D5D0079A1C0 /* main.m */; };
		5557530F189D2D5D0079A1C0 /* AppDelegate.m in Sources */ = {isa = PBXBuildFile; fileRef = 5557530E189D2D5D0079A1C0 /* AppDelegate.m */; };
		55575312189D2D5D0079A1C0 /* Main.storyboard in Resources */ = {isa = PBXBuildFile; fileRef = 55575310189D2D5D0079A1C0 /* Main.storyboard */; };
		55575315189D2D5D0079A1C0 /* ViewController.m in Sources */ = {isa = PBXBuildFile; fileRef = 55575314189D2D5D0079A1C0 /* ViewController.m */; };
		55575318189D2D5D0079A1C0 /* MyScene.m in Sources */ = {isa = PBXBuildFile; fileRef = 55575317189D2D5D0079A1C0 /* MyScene.m */; };
		5557531A189D2D5D0079A1C0 /* Spaceship.png in Resources */ = {isa = PBXBuildFile; fileRef = 55575319189D2D5D0079A1C0 /* Spaceship.png */; };
		5557531C189D2D5D0079A1C0 /* Images.xcassets in Resources */ = {isa = PBXBuildFile; fileRef = 5557531B189D2D5D0079A1C0 /* Images.xcassets */; };
		55575323189D2D5D0079A1C0 /* XCTest.framework in Frameworks */ = {isa = PBXBuildFile; fileRef = 55575322189D2D5D0079A1C0 /* XCTest.framework */; };
		55575324189D2D5D0079A1C0 /* Foundation.framework in Frameworks */ = {isa = PBXBuildFile; fileRef = 555752FC189D2D5D0079A1C0 /* Foundation.framework */; };
		55575325189D2D5D0079A1C0 /* UIKit.framework in Frameworks */ = {isa = PBXBuildFile; fileRef = 55575300189D2D5D0079A1C0 /* UIKit.framework */; };
		5557533C189D30BC0079A1C0 /* background-music-aac.caf in Resources */ = {isa = PBXBuildFile; fileRef = 55575339189D30BC0079A1C0 /* background-music-aac.caf */; };
		5557533D189D30BC0079A1C0 /* pew-pew-lei.caf in Resources */ = {isa = PBXBuildFile; fileRef = 5557533A189D30BC0079A1C0 /* pew-pew-lei.caf */; };
		5557533E189D30BC0079A1C0 /* sprites.atlas in Resources */ = {isa = PBXBuildFile; fileRef = 5557533B189D30BC0079A1C0 /* sprites.atlas */; };
		55575340189D59A70079A1C0 /* rugbyman.png in Resources */ = {isa = PBXBuildFile; fileRef = 5557533F189D59A70079A1C0 /* rugbyman.png */; };
		55575342189D5AD50079A1C0 /* rugbyman2.png in Resources */ = {isa = PBXBuildFile; fileRef = 55575341189D5AD50079A1C0 /* rugbyman2.png */; };
		55575344189D5BF70079A1C0 /* grass 2.png in Resources */ = {isa = PBXBuildFile; fileRef = 55575343189D5BF60079A1C0 /* grass 2.png */; };
		55575346189D5EB20079A1C0 /* grass.png in Resources */ = {isa = PBXBuildFile; fileRef = 55575345189D5EB20079A1C0 /* grass.png */; };
		55575349189D61030079A1C0 /* grass3.png in Resources */ = {isa = PBXBuildFile; fileRef = 55575347189D61030079A1C0 /* grass3.png */; };
		5557534A189D61030079A1C0 /* grass3@2x.png in Resources */ = {isa = PBXBuildFile; fileRef = 55575348189D61030079A1C0 /* grass3@2x.png */; };
		5557535A189D6FE10079A1C0 /* rugbyball.png in Resources */ = {isa = PBXBuildFile; fileRef = 55575359189D6FE10079A1C0 /* rugbyball.png */; };
/* End PBXBuildFile section */

/* Begin PBXContainerItemProxy section */
		55575326189D2D5D0079A1C0 /* PBXContainerItemProxy */ = {
			isa = PBXContainerItemProxy;
			containerPortal = 555752F1189D2D5D0079A1C0 /* Project object */;
			proxyType = 1;
			remoteGlobalIDString = 555752F8189D2D5D0079A1C0;
			remoteInfo = test;
		};
/* End PBXContainerItemProxy section */

/* Begin PBXFileReference section */
		555752F9189D2D5D0079A1C0 /* test.app */ = {isa = PBXFileReference; explicitFileType = wrapper.application; includeInIndex = 0; path = test.app; sourceTree = BUILT_PRODUCTS_DIR; };
		555752FC189D2D5D0079A1C0 /* Foundation.framework */ = {isa = PBXFileReference; lastKnownFileType = wrapper.framework; name = Foundation.framework; path = System/Library/Frameworks/Foundation.framework; sourceTree = SDKROOT; };
		555752FE189D2D5D0079A1C0 /* CoreGraphics.framework */ = {isa = PBXFileReference; lastKnownFileType = wrapper.framework; name = CoreGraphics.framework; path = System/Library/Frameworks/CoreGraphics.framework; sourceTree = SDKROOT; };
		55575300189D2D5D0079A1C0 /* UIKit.framework */ = {isa = PBXFileReference; lastKnownFileType = wrapper.framework; name = UIKit.framework; path = System/Library/Frameworks/UIKit.framework; sourceTree = SDKROOT; };
		55575302189D2D5D0079A1C0 /* SpriteKit.framework */ = {isa = PBXFileReference; lastKnownFileType = wrapper.framework; name = SpriteKit.framework; path = System/Library/Frameworks/SpriteKit.framework; sourceTree = SDKROOT; };
		55575306189D2D5D0079A1C0 /* test-Info.plist */ = {isa = PBXFileReference; lastKnownFileType = text.plist.xml; path = "test-Info.plist"; sourceTree = "<group>"; };
		55575308189D2D5D0079A1C0 /* en */ = {isa = PBXFileReference; lastKnownFileType = text.plist.strings; name = en; path = en.lproj/InfoPlist.strings; sourceTree = "<group>"; };
		5557530A189D2D5D0079A1C0 /* main.m */ = {isa = PBXFileReference; lastKnownFileType = sourcecode.c.objc; path = main.m; sourceTree = "<group>"; };
		5557530C189D2D5D0079A1C0 /* test-Prefix.pch */ = {isa = PBXFileReference; lastKnownFileType = sourcecode.c.h; path = "test-Prefix.pch"; sourceTree = "<group>"; };
		5557530D189D2D5D0079A1C0 /* AppDelegate.h */ = {isa = PBXFileReference; lastKnownFileType = sourcecode.c.h; path = AppDelegate.h; sourceTree = "<group>"; };
		5557530E189D2D5D0079A1C0 /* AppDelegate.m */ = {isa = PBXFileReference; lastKnownFileType = sourcecode.c.objc; path = AppDelegate.m; sourceTree = "<group>"; };
		55575311189D2D5D0079A1C0 /* Base */ = {isa = PBXFileReference; lastKnownFileType = file.storyboard; name = Base; path = Base.lproj/Main.storyboard; sourceTree = "<group>"; };
		55575313189D2D5D0079A1C0 /* ViewController.h */ = {isa = PBXFileReference; lastKnownFileType = sourcecode.c.h; path = ViewController.h; sourceTree = "<group>"; };
		55575314189D2D5D0079A1C0 /* ViewController.m */ = {isa = PBXFileReference; lastKnownFileType = sourcecode.c.objc; path = ViewController.m; sourceTree = "<group>"; };
		55575316189D2D5D0079A1C0 /* MyScene.h */ = {isa = PBXFileReference; lastKnownFileType = sourcecode.c.h; path = MyScene.h; sourceTree = "<group>"; };
		55575317189D2D5D0079A1C0 /* MyScene.m */ = {isa = PBXFileReference; lastKnownFileType = sourcecode.c.objc; path = MyScene.m; sourceTree = "<group>"; };
		55575319189D2D5D0079A1C0 /* Spaceship.png */ = {isa = PBXFileReference; lastKnownFileType = image.png; path = Spaceship.png; sourceTree = "<group>"; };
		5557531B189D2D5D0079A1C0 /* Images.xcassets */ = {isa = PBXFileReference; lastKnownFileType = folder.assetcatalog; path = Images.xcassets; sourceTree = "<group>"; };
		55575321189D2D5D0079A1C0 /* testTests.xctest */ = {isa = PBXFileReference; explicitFileType = wrapper.cfbundle; includeInIndex = 0; path = testTests.xctest; sourceTree = BUILT_PRODUCTS_DIR; };
		55575322189D2D5D0079A1C0 /* XCTest.framework */ = {isa = PBXFileReference; lastKnownFileType = wrapper.framework; name = XCTest.framework; path = Library/Frameworks/XCTest.framework; sourceTree = DEVELOPER_DIR; };
		55575339189D30BC0079A1C0 /* background-music-aac.caf */ = {isa = PBXFileReference; lastKnownFileType = file; path = "background-music-aac.caf"; sourceTree = "<group>"; };
		5557533A189D30BC0079A1C0 /* pew-pew-lei.caf */ = {isa = PBXFileReference; lastKnownFileType = file; path = "pew-pew-lei.caf"; sourceTree = "<group>"; };
		5557533B189D30BC0079A1C0 /* sprites.atlas */ = {isa = PBXFileReference; lastKnownFileType = folder.skatlas; path = sprites.atlas; sourceTree = "<group>"; };
		5557533F189D59A70079A1C0 /* rugbyman.png */ = {isa = PBXFileReference; lastKnownFileType = image.png; path = rugbyman.png; sourceTree = "<group>"; };
		55575341189D5AD50079A1C0 /* rugbyman2.png */ = {isa = PBXFileReference; lastKnownFileType = image.png; path = rugbyman2.png; sourceTree = "<group>"; };
		55575343189D5BF60079A1C0 /* grass 2.png */ = {isa = PBXFileReference; lastKnownFileType = image.png; path = "grass 2.png"; sourceTree = "<group>"; };
		55575345189D5EB20079A1C0 /* grass.png */ = {isa = PBXFileReference; lastKnownFileType = image.png; path = grass.png; sourceTree = "<group>"; };
		55575347189D61030079A1C0 /* grass3.png */ = {isa = PBXFileReference; lastKnownFileType = image.png; path = grass3.png; sourceTree = "<group>"; };
		55575348189D61030079A1C0 /* grass3@2x.png */ = {isa = PBXFileReference; lastKnownFileType = image.png; path = "grass3@2x.png"; sourceTree = "<group>"; };
		55575359189D6FE10079A1C0 /* rugbyball.png */ = {isa = PBXFileReference; lastKnownFileType = image.png; path = rugbyball.png; sourceTree = "<group>"; };
/* End PBXFileReference section */

/* Begin PBXFrameworksBuildPhase section */
		555752F6189D2D5D0079A1C0 /* Frameworks */ = {
			isa = PBXFrameworksBuildPhase;
			buildActionMask = 2147483647;
			files = (
				555752FF189D2D5D0079A1C0 /* CoreGraphics.framework in Frameworks */,
				55575301189D2D5D0079A1C0 /* UIKit.framework in Frameworks */,
				55575303189D2D5D0079A1C0 /* SpriteKit.framework in Frameworks */,
				555752FD189D2D5D0079A1C0 /* Foundation.framework in Frameworks */,
			);
			runOnlyForDeploymentPostprocessing = 0;
		};
		5557531E189D2D5D0079A1C0 /* Frameworks */ = {
			isa = PBXFrameworksBuildPhase;
			buildActionMask = 2147483647;
			files = (
				55575323189D2D5D0079A1C0 /* XCTest.framework in Frameworks */,
				55575325189D2D5D0079A1C0 /* UIKit.framework in Frameworks */,
				55575324189D2D5D0079A1C0 /* Foundation.framework in Frameworks */,
			);
			runOnlyForDeploymentPostprocessing = 0;
		};
/* End PBXFrameworksBuildPhase section */

/* Begin PBXGroup section */
		555752F0189D2D5D0079A1C0 = {
			isa = PBXGroup;
			children = (
				55575359189D6FE10079A1C0 /* rugbyball.png */,
				55575347189D61030079A1C0 /* grass3.png */,
				55575348189D61030079A1C0 /* grass3@2x.png */,
				55575345189D5EB20079A1C0 /* grass.png */,
				55575343189D5BF60079A1C0 /* grass 2.png */,
				55575341189D5AD50079A1C0 /* rugbyman2.png */,
				5557533F189D59A70079A1C0 /* rugbyman.png */,
				55575338189D30BC0079A1C0 /* Sounds */,
				5557533B189D30BC0079A1C0 /* sprites.atlas */,
				55575304189D2D5D0079A1C0 /* test */,
				555752FB189D2D5D0079A1C0 /* Frameworks */,
				555752FA189D2D5D0079A1C0 /* Products */,
			);
			sourceTree = "<group>";
		};
		555752FA189D2D5D0079A1C0 /* Products */ = {
			isa = PBXGroup;
			children = (
				555752F9189D2D5D0079A1C0 /* test.app */,
				55575321189D2D5D0079A1C0 /* testTests.xctest */,
			);
			name = Products;
			sourceTree = "<group>";
		};
		555752FB189D2D5D0079A1C0 /* Frameworks */ = {
			isa = PBXGroup;
			children = (
				555752FC189D2D5D0079A1C0 /* Foundation.framework */,
				555752FE189D2D5D0079A1C0 /* CoreGraphics.framework */,
				55575300189D2D5D0079A1C0 /* UIKit.framework */,
				55575302189D2D5D0079A1C0 /* SpriteKit.framework */,
				55575322189D2D5D0079A1C0 /* XCTest.framework */,
			);
			name = Frameworks;
			sourceTree = "<group>";
		};
		55575304189D2D5D0079A1C0 /* test */ = {
			isa = PBXGroup;
			children = (
				5557530D189D2D5D0079A1C0 /* AppDelegate.h */,
				5557530E189D2D5D0079A1C0 /* AppDelegate.m */,
				55575310189D2D5D0079A1C0 /* Main.storyboard */,
				55575313189D2D5D0079A1C0 /* ViewController.h */,
				55575314189D2D5D0079A1C0 /* ViewController.m */,
				55575316189D2D5D0079A1C0 /* MyScene.h */,
				55575317189D2D5D0079A1C0 /* MyScene.m */,
				55575319189D2D5D0079A1C0 /* Spaceship.png */,
				5557531B189D2D5D0079A1C0 /* Images.xcassets */,
				55575305189D2D5D0079A1C0 /* Supporting Files */,
			);
			path = test;
			sourceTree = "<group>";
		};
		55575305189D2D5D0079A1C0 /* Supporting Files */ = {
			isa = PBXGroup;
			children = (
				55575306189D2D5D0079A1C0 /* test-Info.plist */,
				55575307189D2D5D0079A1C0 /* InfoPlist.strings */,
				5557530A189D2D5D0079A1C0 /* main.m */,
				5557530C189D2D5D0079A1C0 /* test-Prefix.pch */,
			);
			name = "Supporting Files";
			sourceTree = "<group>";
		};
		55575338189D30BC0079A1C0 /* Sounds */ = {
			isa = PBXGroup;
			children = (
				55575339189D30BC0079A1C0 /* background-music-aac.caf */,
				5557533A189D30BC0079A1C0 /* pew-pew-lei.caf */,
			);
			path = Sounds;
			sourceTree = "<group>";
		};
/* End PBXGroup section */

/* Begin PBXNativeTarget section */
		555752F8189D2D5D0079A1C0 /* test */ = {
			isa = PBXNativeTarget;
			buildConfigurationList = 55575332189D2D5D0079A1C0 /* Build configuration list for PBXNativeTarget "test" */;
			buildPhases = (
				555752F5189D2D5D0079A1C0 /* Sources */,
				555752F6189D2D5D0079A1C0 /* Frameworks */,
				555752F7189D2D5D0079A1C0 /* Resources */,
			);
			buildRules = (
			);
			dependencies = (
			);
			name = test;
			productName = test;
			productReference = 555752F9189D2D5D0079A1C0 /* test.app */;
			productType = "com.apple.product-type.application";
		};
		55575320189D2D5D0079A1C0 /* testTests */ = {
			isa = PBXNativeTarget;
			buildConfigurationList = 55575335189D2D5D0079A1C0 /* Build configuration list for PBXNativeTarget "testTests" */;
			buildPhases = (
				5557531D189D2D5D0079A1C0 /* Sources */,
				5557531E189D2D5D0079A1C0 /* Frameworks */,
				5557531F189D2D5D0079A1C0 /* Resources */,
			);
			buildRules = (
			);
			dependencies = (
				55575327189D2D5D0079A1C0 /* PBXTargetDependency */,
			);
			name = testTests;
			productName = testTests;
			productReference = 55575321189D2D5D0079A1C0 /* testTests.xctest */;
			productType = "com.apple.product-type.bundle.unit-test";
		};
/* End PBXNativeTarget section */

/* Begin PBXProject section */
		555752F1189D2D5D0079A1C0 /* Project object */ = {
			isa = PBXProject;
			attributes = {
				LastUpgradeCheck = 0500;
				ORGANIZATIONNAME = "Oscar Hurley";
				TargetAttributes = {
					55575320189D2D5D0079A1C0 = {
						TestTargetID = 555752F8189D2D5D0079A1C0;
					};
				};
			};
			buildConfigurationList = 555752F4189D2D5D0079A1C0 /* Build configuration list for PBXProject "test" */;
			compatibilityVersion = "Xcode 3.2";
			developmentRegion = English;
			hasScannedForEncodings = 0;
			knownRegions = (
				en,
				Base,
			);
			mainGroup = 555752F0189D2D5D0079A1C0;
			productRefGroup = 555752FA189D2D5D0079A1C0 /* Products */;
			projectDirPath = "";
			projectRoot = "";
			targets = (
				555752F8189D2D5D0079A1C0 /* test */,
				55575320189D2D5D0079A1C0 /* testTests */,
			);
		};
/* End PBXProject section */

/* Begin PBXResourcesBuildPhase section */
		555752F7189D2D5D0079A1C0 /* Resources */ = {
			isa = PBXResourcesBuildPhase;
			buildActionMask = 2147483647;
			files = (
				5557533E189D30BC0079A1C0 /* sprites.atlas in Resources */,
				5557533C189D30BC0079A1C0 /* background-music-aac.caf in Resources */,
				55575344189D5BF70079A1C0 /* grass 2.png in Resources */,
				55575346189D5EB20079A1C0 /* grass.png in Resources */,
				55575349189D61030079A1C0 /* grass3.png in Resources */,
				55575309189D2D5D0079A1C0 /* InfoPlist.strings in Resources */,
				5557531C189D2D5D0079A1C0 /* Images.xcassets in Resources */,
				5557531A189D2D5D0079A1C0 /* Spaceship.png in Resources */,
				55575312189D2D5D0079A1C0 /* Main.storyboard in Resources */,
				55575342189D5AD50079A1C0 /* rugbyman2.png in Resources */,
				5557535A189D6FE10079A1C0 /* rugbyball.png in Resources */,
				5557533D189D30BC0079A1C0 /* pew-pew-lei.caf in Resources */,
				5557534A189D61030079A1C0 /* grass3@2x.png in Resources */,
				55575340189D59A70079A1C0 /* rugbyman.png in Resources */,
			);
			runOnlyForDeploymentPostprocessing = 0;
		};
		5557531F189D2D5D0079A1C0 /* Resources */ = {
			isa = PBXResourcesBuildPhase;
			buildActionMask = 2147483647;
			files = (
			);
			runOnlyForDeploymentPostprocessing = 0;
		};
/* End PBXResourcesBuildPhase section */

/* Begin PBXSourcesBuildPhase section */
		555752F5189D2D5D0079A1C0 /* Sources */ = {
			isa = PBXSourcesBuildPhase;
			buildActionMask = 2147483647;
			files = (
				55575318189D2D5D0079A1C0 /* MyScene.m in Sources */,
				55575315189D2D5D0079A1C0 /* ViewController.m in Sources */,
				5557530F189D2D5D0079A1C0 /* AppDelegate.m in Sources */,
				5557530B189D2D5D0079A1C0 /* main.m in Sources */,
			);
			runOnlyForDeploymentPostprocessing = 0;
		};
		5557531D189D2D5D0079A1C0 /* Sources */ = {
			isa = PBXSourcesBuildPhase;
			buildActionMask = 2147483647;
			files = (
			);
			runOnlyForDeploymentPostprocessing = 0;
		};
/* End PBXSourcesBuildPhase section */

/* Begin PBXTargetDependency section */
		55575327189D2D5D0079A1C0 /* PBXTargetDependency */ = {
			isa = PBXTargetDependency;
			target = 555752F8189D2D5D0079A1C0 /* test */;
			targetProxy = 55575326189D2D5D0079A1C0 /* PBXContainerItemProxy */;
		};
/* End PBXTargetDependency section */

/* Begin PBXVariantGroup section */
		55575307189D2D5D0079A1C0 /* InfoPlist.strings */ = {
			isa = PBXVariantGroup;
			children = (
				55575308189D2D5D0079A1C0 /* en */,
			);
			name = InfoPlist.strings;
			sourceTree = "<group>";
		};
		55575310189D2D5D0079A1C0 /* Main.storyboard */ = {
			isa = PBXVariantGroup;
			children = (
				55575311189D2D5D0079A1C0 /* Base */,
			);
			name = Main.storyboard;
			sourceTree = "<group>";
		};
/* End PBXVariantGroup section */

/* Begin XCBuildConfiguration section */
		55575330189D2D5D0079A1C0 /* Debug */ = {
			isa = XCBuildConfiguration;
			buildSettings = {
				ALWAYS_SEARCH_USER_PATHS = NO;
				ARCHS = "$(ARCHS_STANDARD_INCLUDING_64_BIT)";
				CLANG_CXX_LANGUAGE_STANDARD = "gnu++0x";
				CLANG_CXX_LIBRARY = "libc++";
				CLANG_ENABLE_MODULES = YES;
				CLANG_ENABLE_OBJC_ARC = YES;
				CLANG_WARN_BOOL_CONVERSION = YES;
				CLANG_WARN_CONSTANT_CONVERSION = YES;
				CLANG_WARN_DIRECT_OBJC_ISA_USAGE = YES_ERROR;
				CLANG_WARN_EMPTY_BODY = YES;
				CLANG_WARN_ENUM_CONVERSION = YES;
				CLANG_WARN_INT_CONVERSION = YES;
				CLANG_WARN_OBJC_ROOT_CLASS = YES_ERROR;
				CLANG_WARN__DUPLICATE_METHOD_MATCH = YES;
				"CODE_SIGN_IDENTITY[sdk=iphoneos*]" = "iPhone Developer";
				COPY_PHASE_STRIP = NO;
				GCC_C_LANGUAGE_STANDARD = gnu99;
				GCC_DYNAMIC_NO_PIC = NO;
				GCC_OPTIMIZATION_LEVEL = 0;
				GCC_PREPROCESSOR_DEFINITIONS = (
					"DEBUG=1",
					"$(inherited)",
				);
				GCC_SYMBOLS_PRIVATE_EXTERN = NO;
				GCC_WARN_64_TO_32_BIT_CONVERSION = YES;
				GCC_WARN_ABOUT_RETURN_TYPE = YES_ERROR;
				GCC_WARN_UNDECLARED_SELECTOR = YES;
				GCC_WARN_UNINITIALIZED_AUTOS = YES;
				GCC_WARN_UNUSED_FUNCTION = YES;
				GCC_WARN_UNUSED_VARIABLE = YES;
				IPHONEOS_DEPLOYMENT_TARGET = 7.0;
				ONLY_ACTIVE_ARCH = YES;
				SDKROOT = iphoneos;
			};
			name = Debug;
		};
		55575331189D2D5D0079A1C0 /* Release */ = {
			isa = XCBuildConfiguration;
			buildSettings = {
				ALWAYS_SEARCH_USER_PATHS = NO;
				ARCHS = "$(ARCHS_STANDARD_INCLUDING_64_BIT)";
				CLANG_CXX_LANGUAGE_STANDARD = "gnu++0x";
				CLANG_CXX_LIBRARY = "libc++";
				CLANG_ENABLE_MODULES = YES;
				CLANG_ENABLE_OBJC_ARC = YES;
				CLANG_WARN_BOOL_CONVERSION = YES;
				CLANG_WARN_CONSTANT_CONVERSION = YES;
				CLANG_WARN_DIRECT_OBJC_ISA_USAGE = YES_ERROR;
				CLANG_WARN_EMPTY_BODY = YES;
				CLANG_WARN_ENUM_CONVERSION = YES;
				CLANG_WARN_INT_CONVERSION = YES;
				CLANG_WARN_OBJC_ROOT_CLASS = YES_ERROR;
				CLANG_WARN__DUPLICATE_METHOD_MATCH = YES;
				"CODE_SIGN_IDENTITY[sdk=iphoneos*]" = "iPhone Developer";
				COPY_PHASE_STRIP = YES;
				ENABLE_NS_ASSERTIONS = NO;
				GCC_C_LANGUAGE_STANDARD = gnu99;
				GCC_WARN_64_TO_32_BIT_CONVERSION = YES;
				GCC_WARN_ABOUT_RETURN_TYPE = YES_ERROR;
				GCC_WARN_UNDECLARED_SELECTOR = YES;
				GCC_WARN_UNINITIALIZED_AUTOS = YES;
				GCC_WARN_UNUSED_FUNCTION = YES;
				GCC_WARN_UNUSED_VARIABLE = YES;
				IPHONEOS_DEPLOYMENT_TARGET = 7.0;
				SDKROOT = iphoneos;
				VALIDATE_PRODUCT = YES;
			};
			name = Release;
		};
		55575333189D2D5D0079A1C0 /* Debug */ = {
			isa = XCBuildConfiguration;
			buildSettings = {
				ASSETCATALOG_COMPILER_APPICON_NAME = AppIcon;
				ASSETCATALOG_COMPILER_LAUNCHIMAGE_NAME = LaunchImage;
				GCC_PRECOMPILE_PREFIX_HEADER = YES;
				GCC_PREFIX_HEADER = "test/test-Prefix.pch";
				INFOPLIST_FILE = "test/test-Info.plist";
				PRODUCT_NAME = "$(TARGET_NAME)";
				SPRITEKIT_TEXTURE_ATLAS_OUTPUT = YES;
				WRAPPER_EXTENSION = app;
			};
			name = Debug;
		};
		55575334189D2D5D0079A1C0 /* Release */ = {
			isa = XCBuildConfiguration;
			buildSettings = {
				ASSETCATALOG_COMPILER_APPICON_NAME = AppIcon;
				ASSETCATALOG_COMPILER_LAUNCHIMAGE_NAME = LaunchImage;
				GCC_PRECOMPILE_PREFIX_HEADER = YES;
				GCC_PREFIX_HEADER = "test/test-Prefix.pch";
				INFOPLIST_FILE = "test/test-Info.plist";
				PRODUCT_NAME = "$(TARGET_NAME)";
				SPRITEKIT_TEXTURE_ATLAS_OUTPUT = YES;
				WRAPPER_EXTENSION = app;
			};
			name = Release;
		};
		55575336189D2D5D0079A1C0 /* Debug */ = {
			isa = XCBuildConfiguration;
			buildSettings = {
				ARCHS = "$(ARCHS_STANDARD_INCLUDING_64_BIT)";
				BUNDLE_LOADER = "$(BUILT_PRODUCTS_DIR)/test.app/test";
				FRAMEWORK_SEARCH_PATHS = (
					"$(SDKROOT)/Developer/Library/Frameworks",
					"$(inherited)",
					"$(DEVELOPER_FRAMEWORKS_DIR)",
				);
				GCC_PRECOMPILE_PREFIX_HEADER = YES;
				GCC_PREFIX_HEADER = "test/test-Prefix.pch";
				GCC_PREPROCESSOR_DEFINITIONS = (
					"DEBUG=1",
					"$(inherited)",
				);
				INFOPLIST_FILE = "testTests/testTests-Info.plist";
				PRODUCT_NAME = "$(TARGET_NAME)";
				TEST_HOST = "$(BUNDLE_LOADER)";
				WRAPPER_EXTENSION = xctest;
			};
			name = Debug;
		};
		55575337189D2D5D0079A1C0 /* Release */ = {
			isa = XCBuildConfiguration;
			buildSettings = {
				ARCHS = "$(ARCHS_STANDARD_INCLUDING_64_BIT)";
				BUNDLE_LOADER = "$(BUILT_PRODUCTS_DIR)/test.app/test";
				FRAMEWORK_SEARCH_PATHS = (
					"$(SDKROOT)/Developer/Library/Frameworks",
					"$(inherited)",
					"$(DEVELOPER_FRAMEWORKS_DIR)",
				);
				GCC_PRECOMPILE_PREFIX_HEADER = YES;
				GCC_PREFIX_HEADER = "test/test-Prefix.pch";
				INFOPLIST_FILE = "testTests/testTests-Info.plist";
				PRODUCT_NAME = "$(TARGET_NAME)";
				TEST_HOST = "$(BUNDLE_LOADER)";
				WRAPPER_EXTENSION = xctest;
			};
			name = Release;
		};
/* End XCBuildConfiguration section */

/* Begin XCConfigurationList section */
		555752F4189D2D5D0079A1C0 /* Build configuration list for PBXProject "test" */ = {
			isa = XCConfigurationList;
			buildConfigurations = (
				55575330189D2D5D0079A1C0 /* Debug */,
				55575331189D2D5D0079A1C0 /* Release */,
			);
			defaultConfigurationIsVisible = 0;
			defaultConfigurationName = Release;
		};
		55575332189D2D5D0079A1C0 /* Build configuration list for PBXNativeTarget "test" */ = {
			isa = XCConfigurationList;
			buildConfigurations = (
				55575333189D2D5D0079A1C0 /* Debug */,
				55575334189D2D5D0079A1C0 /* Release */,
			);
			defaultConfigurationIsVisible = 0;
		};
		55575335189D2D5D0079A1C0 /* Build configuration list for PBXNativeTarget "testTests" */ = {
			isa = XCConfigurationList;
			buildConfigurations = (
				55575336189D2D5D0079A1C0 /* Debug */,
				55575337189D2D5D0079A1C0 /* Release */,
			);
			defaultConfigurationIsVisible = 0;
		};
/* End XCConfigurationList section */
	};
	rootObject = 555752F1189D2D5D0079A1C0 /* Project object */;
}
